// !$*UTF8*$!
{
	archiveVersion = 1;
	classes = {
	};
	objectVersion = 77;
	objects = {

/* Begin PBXBuildFile section */
		99C305632DB1BF27008FBA75 /* WidgetKit.framework in Frameworks */ = {isa = PBXBuildFile; fileRef = 39957E702D62A78100A2D89D /* WidgetKit.framework */; };
		99C305642DB1BF27008FBA75 /* SwiftUI.framework in Frameworks */ = {isa = PBXBuildFile; fileRef = 39957E722D62A78100A2D89D /* SwiftUI.framework */; };
		99C305722DB1BF28008FBA75 /* MacWidgetExtension.appex in Embed Foundation Extensions */ = {isa = PBXBuildFile; fileRef = 99C305622DB1BF27008FBA75 /* MacWidgetExtension.appex */; settings = {ATTRIBUTES = (RemoveHeadersOnCopy, ); }; };
/* End PBXBuildFile section */

/* Begin PBXContainerItemProxy section */
		398DCF2D2DAC7AC0003363BD /* PBXContainerItemProxy */ = {
			isa = PBXContainerItemProxy;
			containerPortal = 39957E042D62A32D00A2D89D /* Project object */;
			proxyType = 1;
			remoteGlobalIDString = 398DCF1B2DAC7ABD003363BD;
			remoteInfo = ElephantMacApp;
		};
		398DCF372DAC7AC0003363BD /* PBXContainerItemProxy */ = {
			isa = PBXContainerItemProxy;
			containerPortal = 39957E042D62A32D00A2D89D /* Project object */;
			proxyType = 1;
			remoteGlobalIDString = 398DCF1B2DAC7ABD003363BD;
			remoteInfo = ElephantMacApp;
		};
		99C305702DB1BF28008FBA75 /* PBXContainerItemProxy */ = {
			isa = PBXContainerItemProxy;
			containerPortal = 39957E042D62A32D00A2D89D /* Project object */;
			proxyType = 1;
			remoteGlobalIDString = 99C305612DB1BF27008FBA75;
			remoteInfo = MacWidgetExtension;
		};
/* End PBXContainerItemProxy section */

/* Begin PBXCopyFilesBuildPhase section */
		395887002DAC8560007859A6 /* Embed Widget Extensions */ = {
			isa = PBXCopyFilesBuildPhase;
			buildActionMask = 2147483647;
			dstPath = ElephantMacApp.app/Contents/PlugIns;
			dstSubfolderSpec = 16;
			files = (
			);
			name = "Embed Widget Extensions";
			runOnlyForDeploymentPostprocessing = 0;
		};
		99C305772DB1BF28008FBA75 /* Embed Foundation Extensions */ = {
			isa = PBXCopyFilesBuildPhase;
			buildActionMask = 2147483647;
			dstPath = "";
			dstSubfolderSpec = 13;
			files = (
				99C305722DB1BF28008FBA75 /* MacWidgetExtension.appex in Embed Foundation Extensions */,
			);
			name = "Embed Foundation Extensions";
			runOnlyForDeploymentPostprocessing = 0;
		};
/* End PBXCopyFilesBuildPhase section */

/* Begin PBXFileReference section */
		398DCF1C2DAC7ABD003363BD /* ElephantMacApp.app */ = {isa = PBXFileReference; explicitFileType = wrapper.application; includeInIndex = 0; path = ElephantMacApp.app; sourceTree = BUILT_PRODUCTS_DIR; };
		398DCF2C2DAC7AC0003363BD /* ElephantMacAppTests.xctest */ = {isa = PBXFileReference; explicitFileType = wrapper.cfbundle; includeInIndex = 0; path = ElephantMacAppTests.xctest; sourceTree = BUILT_PRODUCTS_DIR; };
		398DCF362DAC7AC0003363BD /* ElephantMacAppUITests.xctest */ = {isa = PBXFileReference; explicitFileType = wrapper.cfbundle; includeInIndex = 0; path = ElephantMacAppUITests.xctest; sourceTree = BUILT_PRODUCTS_DIR; };
		39957E702D62A78100A2D89D /* WidgetKit.framework */ = {isa = PBXFileReference; lastKnownFileType = wrapper.framework; name = WidgetKit.framework; path = /System/Library/Frameworks/WidgetKit.framework; sourceTree = "<absolute>"; };
		39957E722D62A78100A2D89D /* SwiftUI.framework */ = {isa = PBXFileReference; lastKnownFileType = wrapper.framework; name = SwiftUI.framework; path = /System/Library/Frameworks/SwiftUI.framework; sourceTree = "<absolute>"; };
		6C776BCF2DA59F9C00D3DCEB /* Elephant.xctestplan */ = {isa = PBXFileReference; lastKnownFileType = text; path = Elephant.xctestplan; sourceTree = "<group>"; };
		6C776BD02DA5A2DB00D3DCEB /* ElephantUITests.xctestplan */ = {isa = PBXFileReference; lastKnownFileType = text; path = ElephantUITests.xctestplan; sourceTree = "<group>"; };
		99C305622DB1BF27008FBA75 /* MacWidgetExtension.appex */ = {isa = PBXFileReference; explicitFileType = "wrapper.app-extension"; includeInIndex = 0; path = MacWidgetExtension.appex; sourceTree = BUILT_PRODUCTS_DIR; };
/* End PBXFileReference section */

/* Begin PBXFileSystemSynchronizedBuildFileExceptionSet section */
		99C305732DB1BF28008FBA75 /* Exceptions for "MacWidget" folder in "MacWidgetExtension" target */ = {
			isa = PBXFileSystemSynchronizedBuildFileExceptionSet;
			membershipExceptions = (
				Info.plist,
			);
			target = 99C305612DB1BF27008FBA75 /* MacWidgetExtension */;
		};
/* End PBXFileSystemSynchronizedBuildFileExceptionSet section */

/* Begin PBXFileSystemSynchronizedRootGroup section */
		398DCF1D2DAC7ABD003363BD /* ElephantMacApp */ = {
			isa = PBXFileSystemSynchronizedRootGroup;
			path = ElephantMacApp;
			sourceTree = "<group>";
		};
		398DCF2F2DAC7AC0003363BD /* ElephantMacAppTests */ = {
			isa = PBXFileSystemSynchronizedRootGroup;
			path = ElephantMacAppTests;
			sourceTree = "<group>";
		};
		398DCF392DAC7AC0003363BD /* ElephantMacAppUITests */ = {
			isa = PBXFileSystemSynchronizedRootGroup;
			path = ElephantMacAppUITests;
			sourceTree = "<group>";
		};
		99C305652DB1BF27008FBA75 /* MacWidget */ = {
			isa = PBXFileSystemSynchronizedRootGroup;
			exceptions = (
				99C305732DB1BF28008FBA75 /* Exceptions for "MacWidget" folder in "MacWidgetExtension" target */,
			);
			path = MacWidget;
			sourceTree = "<group>";
		};
/* End PBXFileSystemSynchronizedRootGroup section */

/* Begin PBXFrameworksBuildPhase section */
		398DCF192DAC7ABD003363BD /* Frameworks */ = {
			isa = PBXFrameworksBuildPhase;
			buildActionMask = 2147483647;
			files = (
			);
			runOnlyForDeploymentPostprocessing = 0;
		};
		398DCF292DAC7AC0003363BD /* Frameworks */ = {
			isa = PBXFrameworksBuildPhase;
			buildActionMask = 2147483647;
			files = (
			);
			runOnlyForDeploymentPostprocessing = 0;
		};
		398DCF332DAC7AC0003363BD /* Frameworks */ = {
			isa = PBXFrameworksBuildPhase;
			buildActionMask = 2147483647;
			files = (
			);
			runOnlyForDeploymentPostprocessing = 0;
		};
		99C3055F2DB1BF27008FBA75 /* Frameworks */ = {
			isa = PBXFrameworksBuildPhase;
			buildActionMask = 2147483647;
			files = (
				99C305642DB1BF27008FBA75 /* SwiftUI.framework in Frameworks */,
				99C305632DB1BF27008FBA75 /* WidgetKit.framework in Frameworks */,
			);
			runOnlyForDeploymentPostprocessing = 0;
		};
/* End PBXFrameworksBuildPhase section */

/* Begin PBXGroup section */
		39957E032D62A32D00A2D89D = {
			isa = PBXGroup;
			children = (
				6C776BD02DA5A2DB00D3DCEB /* ElephantUITests.xctestplan */,
				6C776BCF2DA59F9C00D3DCEB /* Elephant.xctestplan */,
				398DCF1D2DAC7ABD003363BD /* ElephantMacApp */,
				398DCF2F2DAC7AC0003363BD /* ElephantMacAppTests */,
				398DCF392DAC7AC0003363BD /* ElephantMacAppUITests */,
				99C305652DB1BF27008FBA75 /* MacWidget */,
				39957E6F2D62A78100A2D89D /* Frameworks */,
				39957E0D2D62A32D00A2D89D /* Products */,
			);
			sourceTree = "<group>";
		};
		39957E0D2D62A32D00A2D89D /* Products */ = {
			isa = PBXGroup;
			children = (
				398DCF1C2DAC7ABD003363BD /* ElephantMacApp.app */,
				398DCF2C2DAC7AC0003363BD /* ElephantMacAppTests.xctest */,
				398DCF362DAC7AC0003363BD /* ElephantMacAppUITests.xctest */,
				99C305622DB1BF27008FBA75 /* MacWidgetExtension.appex */,
			);
			name = Products;
			sourceTree = "<group>";
		};
		39957E6F2D62A78100A2D89D /* Frameworks */ = {
			isa = PBXGroup;
			children = (
				39957E702D62A78100A2D89D /* WidgetKit.framework */,
				39957E722D62A78100A2D89D /* SwiftUI.framework */,
			);
			name = Frameworks;
			sourceTree = "<group>";
		};
/* End PBXGroup section */

/* Begin PBXNativeTarget section */
		398DCF1B2DAC7ABD003363BD /* ElephantMacApp */ = {
			isa = PBXNativeTarget;
			buildConfigurationList = 398DCF3E2DAC7AC0003363BD /* Build configuration list for PBXNativeTarget "ElephantMacApp" */;
			buildPhases = (
				398DCF182DAC7ABD003363BD /* Sources */,
				398DCF192DAC7ABD003363BD /* Frameworks */,
				398DCF1A2DAC7ABD003363BD /* Resources */,
				395887002DAC8560007859A6 /* Embed Widget Extensions */,
				99C305772DB1BF28008FBA75 /* Embed Foundation Extensions */,
			);
			buildRules = (
			);
			dependencies = (
				99C305712DB1BF28008FBA75 /* PBXTargetDependency */,
			);
			fileSystemSynchronizedGroups = (
				398DCF1D2DAC7ABD003363BD /* ElephantMacApp */,
			);
			name = ElephantMacApp;
			packageProductDependencies = (
			);
			productName = ElephantMacApp;
			productReference = 398DCF1C2DAC7ABD003363BD /* ElephantMacApp.app */;
			productType = "com.apple.product-type.application";
		};
		398DCF2B2DAC7AC0003363BD /* ElephantMacAppTests */ = {
			isa = PBXNativeTarget;
			buildConfigurationList = 398DCF412DAC7AC0003363BD /* Build configuration list for PBXNativeTarget "ElephantMacAppTests" */;
			buildPhases = (
				398DCF282DAC7AC0003363BD /* Sources */,
				398DCF292DAC7AC0003363BD /* Frameworks */,
				398DCF2A2DAC7AC0003363BD /* Resources */,
			);
			buildRules = (
			);
			dependencies = (
				398DCF2E2DAC7AC0003363BD /* PBXTargetDependency */,
			);
			fileSystemSynchronizedGroups = (
				398DCF2F2DAC7AC0003363BD /* ElephantMacAppTests */,
			);
			name = ElephantMacAppTests;
			packageProductDependencies = (
			);
			productName = ElephantMacAppTests;
			productReference = 398DCF2C2DAC7AC0003363BD /* ElephantMacAppTests.xctest */;
			productType = "com.apple.product-type.bundle.unit-test";
		};
		398DCF352DAC7AC0003363BD /* ElephantMacAppUITests */ = {
			isa = PBXNativeTarget;
			buildConfigurationList = 398DCF442DAC7AC0003363BD /* Build configuration list for PBXNativeTarget "ElephantMacAppUITests" */;
			buildPhases = (
				398DCF322DAC7AC0003363BD /* Sources */,
				398DCF332DAC7AC0003363BD /* Frameworks */,
				398DCF342DAC7AC0003363BD /* Resources */,
			);
			buildRules = (
			);
			dependencies = (
				398DCF382DAC7AC0003363BD /* PBXTargetDependency */,
			);
			fileSystemSynchronizedGroups = (
				398DCF392DAC7AC0003363BD /* ElephantMacAppUITests */,
			);
			name = ElephantMacAppUITests;
			packageProductDependencies = (
			);
			productName = ElephantMacAppUITests;
			productReference = 398DCF362DAC7AC0003363BD /* ElephantMacAppUITests.xctest */;
			productType = "com.apple.product-type.bundle.ui-testing";
		};
		99C305612DB1BF27008FBA75 /* MacWidgetExtension */ = {
			isa = PBXNativeTarget;
			buildConfigurationList = 99C305742DB1BF28008FBA75 /* Build configuration list for PBXNativeTarget "MacWidgetExtension" */;
			buildPhases = (
				99C3055E2DB1BF27008FBA75 /* Sources */,
				99C3055F2DB1BF27008FBA75 /* Frameworks */,
				99C305602DB1BF27008FBA75 /* Resources */,
			);
			buildRules = (
			);
			dependencies = (
			);
			fileSystemSynchronizedGroups = (
				99C305652DB1BF27008FBA75 /* MacWidget */,
			);
			name = MacWidgetExtension;
			packageProductDependencies = (
			);
			productName = MacWidgetExtension;
			productReference = 99C305622DB1BF27008FBA75 /* MacWidgetExtension.appex */;
			productType = "com.apple.product-type.app-extension";
		};
/* End PBXNativeTarget section */

/* Begin PBXProject section */
		39957E042D62A32D00A2D89D /* Project object */ = {
			isa = PBXProject;
			attributes = {
				BuildIndependentTargetsInParallel = 1;
				LastSwiftUpdateCheck = 1630;
				LastUpgradeCheck = 1630;
				TargetAttributes = {
					398DCF1B2DAC7ABD003363BD = {
						CreatedOnToolsVersion = 16.2;
					};
					398DCF2B2DAC7AC0003363BD = {
						CreatedOnToolsVersion = 16.2;
						TestTargetID = 398DCF1B2DAC7ABD003363BD;
					};
					398DCF352DAC7AC0003363BD = {
						CreatedOnToolsVersion = 16.2;
						TestTargetID = 398DCF1B2DAC7ABD003363BD;
					};
					99C305612DB1BF27008FBA75 = {
						CreatedOnToolsVersion = 16.3;
					};
				};
			};
			buildConfigurationList = 39957E072D62A32D00A2D89D /* Build configuration list for PBXProject "Elephant" */;
			developmentRegion = en;
			hasScannedForEncodings = 0;
			knownRegions = (
				en,
				Base,
			);
			mainGroup = 39957E032D62A32D00A2D89D;
			minimizedProjectReferenceProxies = 1;
			preferredProjectObjectVersion = 77;
			productRefGroup = 39957E0D2D62A32D00A2D89D /* Products */;
			projectDirPath = "";
			projectRoot = "";
			targets = (
				398DCF1B2DAC7ABD003363BD /* ElephantMacApp */,
				398DCF2B2DAC7AC0003363BD /* ElephantMacAppTests */,
				398DCF352DAC7AC0003363BD /* ElephantMacAppUITests */,
				99C305612DB1BF27008FBA75 /* MacWidgetExtension */,
			);
		};
/* End PBXProject section */

/* Begin PBXResourcesBuildPhase section */
		398DCF1A2DAC7ABD003363BD /* Resources */ = {
			isa = PBXResourcesBuildPhase;
			buildActionMask = 2147483647;
			files = (
			);
			runOnlyForDeploymentPostprocessing = 0;
		};
		398DCF2A2DAC7AC0003363BD /* Resources */ = {
			isa = PBXResourcesBuildPhase;
			buildActionMask = 2147483647;
			files = (
			);
			runOnlyForDeploymentPostprocessing = 0;
		};
		398DCF342DAC7AC0003363BD /* Resources */ = {
			isa = PBXResourcesBuildPhase;
			buildActionMask = 2147483647;
			files = (
			);
			runOnlyForDeploymentPostprocessing = 0;
		};
		99C305602DB1BF27008FBA75 /* Resources */ = {
			isa = PBXResourcesBuildPhase;
			buildActionMask = 2147483647;
			files = (
			);
			runOnlyForDeploymentPostprocessing = 0;
		};
/* End PBXResourcesBuildPhase section */

/* Begin PBXSourcesBuildPhase section */
		398DCF182DAC7ABD003363BD /* Sources */ = {
			isa = PBXSourcesBuildPhase;
			buildActionMask = 2147483647;
			files = (
			);
			runOnlyForDeploymentPostprocessing = 0;
		};
		398DCF282DAC7AC0003363BD /* Sources */ = {
			isa = PBXSourcesBuildPhase;
			buildActionMask = 2147483647;
			files = (
			);
			runOnlyForDeploymentPostprocessing = 0;
		};
		398DCF322DAC7AC0003363BD /* Sources */ = {
			isa = PBXSourcesBuildPhase;
			buildActionMask = 2147483647;
			files = (
			);
			runOnlyForDeploymentPostprocessing = 0;
		};
		99C3055E2DB1BF27008FBA75 /* Sources */ = {
			isa = PBXSourcesBuildPhase;
			buildActionMask = 2147483647;
			files = (
			);
			runOnlyForDeploymentPostprocessing = 0;
		};
/* End PBXSourcesBuildPhase section */

/* Begin PBXTargetDependency section */
		398DCF2E2DAC7AC0003363BD /* PBXTargetDependency */ = {
			isa = PBXTargetDependency;
			target = 398DCF1B2DAC7ABD003363BD /* ElephantMacApp */;
			targetProxy = 398DCF2D2DAC7AC0003363BD /* PBXContainerItemProxy */;
		};
		398DCF382DAC7AC0003363BD /* PBXTargetDependency */ = {
			isa = PBXTargetDependency;
			target = 398DCF1B2DAC7ABD003363BD /* ElephantMacApp */;
			targetProxy = 398DCF372DAC7AC0003363BD /* PBXContainerItemProxy */;
		};
		99C305712DB1BF28008FBA75 /* PBXTargetDependency */ = {
			isa = PBXTargetDependency;
			target = 99C305612DB1BF27008FBA75 /* MacWidgetExtension */;
			targetProxy = 99C305702DB1BF28008FBA75 /* PBXContainerItemProxy */;
		};
/* End PBXTargetDependency section */

/* Begin XCBuildConfiguration section */
		398DCF3F2DAC7AC0003363BD /* Debug */ = {
			isa = XCBuildConfiguration;
			buildSettings = {
				ASSETCATALOG_COMPILER_APPICON_NAME = AppIcon;
				ASSETCATALOG_COMPILER_GLOBAL_ACCENT_COLOR_NAME = AccentColor;
				CODE_SIGN_ENTITLEMENTS = ElephantMacApp/ElephantMacApp.entitlements;
				"CODE_SIGN_IDENTITY[sdk=macosx*]" = "Apple Development";
				CODE_SIGN_STYLE = Automatic;
				COMBINE_HIDPI_IMAGES = YES;
				CURRENT_PROJECT_VERSION = 1;
				DEAD_CODE_STRIPPING = YES;
				DEVELOPMENT_ASSET_PATHS = "\"ElephantMacApp/Preview Content\"";
				DEVELOPMENT_TEAM = TT4P7FU29T;
				ENABLE_PREVIEWS = YES;
				GENERATE_INFOPLIST_FILE = YES;
				INFOPLIST_KEY_NSHumanReadableCopyright = "";
				LD_RUNPATH_SEARCH_PATHS = (
					"$(inherited)",
					"@executable_path/../Frameworks",
				);
				MACOSX_DEPLOYMENT_TARGET = 14.5;
				MARKETING_VERSION = 1.0;
				PRODUCT_BUNDLE_IDENTIFIER = com.candicehclu.ElephantMacApp;
				PRODUCT_NAME = "$(TARGET_NAME)";
				REGISTER_APP_GROUPS = YES;
				SDKROOT = macosx;
				SWIFT_EMIT_LOC_STRINGS = YES;
				SWIFT_VERSION = 5.0;
			};
			name = Debug;
		};
		398DCF402DAC7AC0003363BD /* Release */ = {
			isa = XCBuildConfiguration;
			buildSettings = {
				ASSETCATALOG_COMPILER_APPICON_NAME = AppIcon;
				ASSETCATALOG_COMPILER_GLOBAL_ACCENT_COLOR_NAME = AccentColor;
				CODE_SIGN_ENTITLEMENTS = ElephantMacApp/ElephantMacAppRelease.entitlements;
				"CODE_SIGN_IDENTITY[sdk=macosx*]" = "Apple Development";
				CODE_SIGN_STYLE = Automatic;
				COMBINE_HIDPI_IMAGES = YES;
				CURRENT_PROJECT_VERSION = 1;
				DEAD_CODE_STRIPPING = YES;
				DEVELOPMENT_ASSET_PATHS = "\"ElephantMacApp/Preview Content\"";
				DEVELOPMENT_TEAM = TT4P7FU29T;
				ENABLE_PREVIEWS = YES;
				GENERATE_INFOPLIST_FILE = YES;
				INFOPLIST_KEY_NSHumanReadableCopyright = "";
				LD_RUNPATH_SEARCH_PATHS = (
					"$(inherited)",
					"@executable_path/../Frameworks",
				);
				MACOSX_DEPLOYMENT_TARGET = 14.5;
				MARKETING_VERSION = 1.0;
				PRODUCT_BUNDLE_IDENTIFIER = com.candicehclu.ElephantMacApp;
				PRODUCT_NAME = "$(TARGET_NAME)";
				REGISTER_APP_GROUPS = YES;
				SDKROOT = macosx;
				SWIFT_EMIT_LOC_STRINGS = YES;
				SWIFT_VERSION = 5.0;
			};
			name = Release;
		};
		398DCF422DAC7AC0003363BD /* Debug */ = {
			isa = XCBuildConfiguration;
			buildSettings = {
				BUNDLE_LOADER = "$(TEST_HOST)";
				"CODE_SIGN_IDENTITY[sdk=macosx*]" = "Apple Development";
				CODE_SIGN_STYLE = Automatic;
				CURRENT_PROJECT_VERSION = 1;
				DEAD_CODE_STRIPPING = YES;
				DEVELOPMENT_TEAM = 399K2HS5R5;
				GENERATE_INFOPLIST_FILE = YES;
				MACOSX_DEPLOYMENT_TARGET = 14.5;
				MARKETING_VERSION = 1.0;
				PRODUCT_BUNDLE_IDENTIFIER = com.Medhashree.ElephantMacAppTests;
				PRODUCT_NAME = "$(TARGET_NAME)";
				SDKROOT = macosx;
				SWIFT_EMIT_LOC_STRINGS = NO;
				SWIFT_VERSION = 5.0;
				TEST_HOST = "$(BUILT_PRODUCTS_DIR)/ElephantMacApp.app/$(BUNDLE_EXECUTABLE_FOLDER_PATH)/ElephantMacApp";
			};
			name = Debug;
		};
		398DCF432DAC7AC0003363BD /* Release */ = {
			isa = XCBuildConfiguration;
			buildSettings = {
				BUNDLE_LOADER = "$(TEST_HOST)";
				"CODE_SIGN_IDENTITY[sdk=macosx*]" = "Apple Development";
				CODE_SIGN_STYLE = Automatic;
				CURRENT_PROJECT_VERSION = 1;
				DEAD_CODE_STRIPPING = YES;
				DEVELOPMENT_TEAM = 399K2HS5R5;
				GENERATE_INFOPLIST_FILE = YES;
				MACOSX_DEPLOYMENT_TARGET = 14.5;
				MARKETING_VERSION = 1.0;
				PRODUCT_BUNDLE_IDENTIFIER = com.Medhashree.ElephantMacAppTests;
				PRODUCT_NAME = "$(TARGET_NAME)";
				SDKROOT = macosx;
				SWIFT_EMIT_LOC_STRINGS = NO;
				SWIFT_VERSION = 5.0;
				TEST_HOST = "$(BUILT_PRODUCTS_DIR)/ElephantMacApp.app/$(BUNDLE_EXECUTABLE_FOLDER_PATH)/ElephantMacApp";
			};
			name = Release;
		};
		398DCF452DAC7AC0003363BD /* Debug */ = {
			isa = XCBuildConfiguration;
			buildSettings = {
				CODE_SIGN_STYLE = Automatic;
				CURRENT_PROJECT_VERSION = 1;
				DEAD_CODE_STRIPPING = YES;
				DEVELOPMENT_TEAM = 399K2HS5R5;
				GENERATE_INFOPLIST_FILE = YES;
				MACOSX_DEPLOYMENT_TARGET = 14.5;
				MARKETING_VERSION = 1.0;
				PRODUCT_BUNDLE_IDENTIFIER = com.Medhashree.ElephantMacAppUITests;
				PRODUCT_NAME = "$(TARGET_NAME)";
				SDKROOT = macosx;
				SWIFT_EMIT_LOC_STRINGS = NO;
				SWIFT_VERSION = 5.0;
				TEST_TARGET_NAME = ElephantMacApp;
			};
			name = Debug;
		};
		398DCF462DAC7AC0003363BD /* Release */ = {
			isa = XCBuildConfiguration;
			buildSettings = {
				CODE_SIGN_STYLE = Automatic;
				CURRENT_PROJECT_VERSION = 1;
				DEAD_CODE_STRIPPING = YES;
				DEVELOPMENT_TEAM = 399K2HS5R5;
				GENERATE_INFOPLIST_FILE = YES;
				MACOSX_DEPLOYMENT_TARGET = 14.5;
				MARKETING_VERSION = 1.0;
				PRODUCT_BUNDLE_IDENTIFIER = com.Medhashree.ElephantMacAppUITests;
				PRODUCT_NAME = "$(TARGET_NAME)";
				SDKROOT = macosx;
				SWIFT_EMIT_LOC_STRINGS = NO;
				SWIFT_VERSION = 5.0;
				TEST_TARGET_NAME = ElephantMacApp;
			};
			name = Release;
		};
		39957E2F2D62A32E00A2D89D /* Debug */ = {
			isa = XCBuildConfiguration;
			buildSettings = {
				ALWAYS_SEARCH_USER_PATHS = NO;
				ASSETCATALOG_COMPILER_GENERATE_SWIFT_ASSET_SYMBOL_EXTENSIONS = YES;
				CLANG_ANALYZER_NONNULL = YES;
				CLANG_ANALYZER_NUMBER_OBJECT_CONVERSION = YES_AGGRESSIVE;
				CLANG_CXX_LANGUAGE_STANDARD = "gnu++20";
				CLANG_ENABLE_MODULES = YES;
				CLANG_ENABLE_OBJC_ARC = YES;
				CLANG_ENABLE_OBJC_WEAK = YES;
				CLANG_WARN_BLOCK_CAPTURE_AUTORELEASING = YES;
				CLANG_WARN_BOOL_CONVERSION = YES;
				CLANG_WARN_COMMA = YES;
				CLANG_WARN_CONSTANT_CONVERSION = YES;
				CLANG_WARN_DEPRECATED_OBJC_IMPLEMENTATIONS = YES;
				CLANG_WARN_DIRECT_OBJC_ISA_USAGE = YES_ERROR;
				CLANG_WARN_DOCUMENTATION_COMMENTS = YES;
				CLANG_WARN_EMPTY_BODY = YES;
				CLANG_WARN_ENUM_CONVERSION = YES;
				CLANG_WARN_INFINITE_RECURSION = YES;
				CLANG_WARN_INT_CONVERSION = YES;
				CLANG_WARN_NON_LITERAL_NULL_CONVERSION = YES;
				CLANG_WARN_OBJC_IMPLICIT_RETAIN_SELF = YES;
				CLANG_WARN_OBJC_LITERAL_CONVERSION = YES;
				CLANG_WARN_OBJC_ROOT_CLASS = YES_ERROR;
				CLANG_WARN_QUOTED_INCLUDE_IN_FRAMEWORK_HEADER = YES;
				CLANG_WARN_RANGE_LOOP_ANALYSIS = YES;
				CLANG_WARN_STRICT_PROTOTYPES = YES;
				CLANG_WARN_SUSPICIOUS_MOVE = YES;
				CLANG_WARN_UNGUARDED_AVAILABILITY = YES_AGGRESSIVE;
				CLANG_WARN_UNREACHABLE_CODE = YES;
				CLANG_WARN__DUPLICATE_METHOD_MATCH = YES;
				COPY_PHASE_STRIP = NO;
				DEAD_CODE_STRIPPING = YES;
				DEBUG_INFORMATION_FORMAT = dwarf;
				DEVELOPMENT_TEAM = 399K2HS5R5;
				ENABLE_STRICT_OBJC_MSGSEND = YES;
				ENABLE_TESTABILITY = YES;
				ENABLE_USER_SCRIPT_SANDBOXING = YES;
				GCC_C_LANGUAGE_STANDARD = gnu17;
				GCC_DYNAMIC_NO_PIC = NO;
				GCC_NO_COMMON_BLOCKS = YES;
				GCC_OPTIMIZATION_LEVEL = 0;
				GCC_PREPROCESSOR_DEFINITIONS = (
					"DEBUG=1",
					"$(inherited)",
				);
				GCC_WARN_64_TO_32_BIT_CONVERSION = YES;
				GCC_WARN_ABOUT_RETURN_TYPE = YES_ERROR;
				GCC_WARN_UNDECLARED_SELECTOR = YES;
				GCC_WARN_UNINITIALIZED_AUTOS = YES_AGGRESSIVE;
				GCC_WARN_UNUSED_FUNCTION = YES;
				GCC_WARN_UNUSED_VARIABLE = YES;
				LOCALIZATION_PREFERS_STRING_CATALOGS = YES;
				MTL_ENABLE_DEBUG_INFO = INCLUDE_SOURCE;
				MTL_FAST_MATH = YES;
				ONLY_ACTIVE_ARCH = YES;
				SWIFT_ACTIVE_COMPILATION_CONDITIONS = "DEBUG $(inherited)";
				SWIFT_OPTIMIZATION_LEVEL = "-Onone";
			};
			name = Debug;
		};
		39957E302D62A32E00A2D89D /* Release */ = {
			isa = XCBuildConfiguration;
			buildSettings = {
				ALWAYS_SEARCH_USER_PATHS = NO;
				ASSETCATALOG_COMPILER_GENERATE_SWIFT_ASSET_SYMBOL_EXTENSIONS = YES;
				CLANG_ANALYZER_NONNULL = YES;
				CLANG_ANALYZER_NUMBER_OBJECT_CONVERSION = YES_AGGRESSIVE;
				CLANG_CXX_LANGUAGE_STANDARD = "gnu++20";
				CLANG_ENABLE_MODULES = YES;
				CLANG_ENABLE_OBJC_ARC = YES;
				CLANG_ENABLE_OBJC_WEAK = YES;
				CLANG_WARN_BLOCK_CAPTURE_AUTORELEASING = YES;
				CLANG_WARN_BOOL_CONVERSION = YES;
				CLANG_WARN_COMMA = YES;
				CLANG_WARN_CONSTANT_CONVERSION = YES;
				CLANG_WARN_DEPRECATED_OBJC_IMPLEMENTATIONS = YES;
				CLANG_WARN_DIRECT_OBJC_ISA_USAGE = YES_ERROR;
				CLANG_WARN_DOCUMENTATION_COMMENTS = YES;
				CLANG_WARN_EMPTY_BODY = YES;
				CLANG_WARN_ENUM_CONVERSION = YES;
				CLANG_WARN_INFINITE_RECURSION = YES;
				CLANG_WARN_INT_CONVERSION = YES;
				CLANG_WARN_NON_LITERAL_NULL_CONVERSION = YES;
				CLANG_WARN_OBJC_IMPLICIT_RETAIN_SELF = YES;
				CLANG_WARN_OBJC_LITERAL_CONVERSION = YES;
				CLANG_WARN_OBJC_ROOT_CLASS = YES_ERROR;
				CLANG_WARN_QUOTED_INCLUDE_IN_FRAMEWORK_HEADER = YES;
				CLANG_WARN_RANGE_LOOP_ANALYSIS = YES;
				CLANG_WARN_STRICT_PROTOTYPES = YES;
				CLANG_WARN_SUSPICIOUS_MOVE = YES;
				CLANG_WARN_UNGUARDED_AVAILABILITY = YES_AGGRESSIVE;
				CLANG_WARN_UNREACHABLE_CODE = YES;
				CLANG_WARN__DUPLICATE_METHOD_MATCH = YES;
				COPY_PHASE_STRIP = NO;
				DEAD_CODE_STRIPPING = YES;
				DEBUG_INFORMATION_FORMAT = "dwarf-with-dsym";
				DEVELOPMENT_TEAM = 399K2HS5R5;
				ENABLE_NS_ASSERTIONS = NO;
				ENABLE_STRICT_OBJC_MSGSEND = YES;
				ENABLE_USER_SCRIPT_SANDBOXING = YES;
				GCC_C_LANGUAGE_STANDARD = gnu17;
				GCC_NO_COMMON_BLOCKS = YES;
				GCC_WARN_64_TO_32_BIT_CONVERSION = YES;
				GCC_WARN_ABOUT_RETURN_TYPE = YES_ERROR;
				GCC_WARN_UNDECLARED_SELECTOR = YES;
				GCC_WARN_UNINITIALIZED_AUTOS = YES_AGGRESSIVE;
				GCC_WARN_UNUSED_FUNCTION = YES;
				GCC_WARN_UNUSED_VARIABLE = YES;
				LOCALIZATION_PREFERS_STRING_CATALOGS = YES;
				MTL_ENABLE_DEBUG_INFO = NO;
				MTL_FAST_MATH = YES;
				SWIFT_COMPILATION_MODE = wholemodule;
			};
			name = Release;
		};
		99C305752DB1BF28008FBA75 /* Debug */ = {
			isa = XCBuildConfiguration;
			buildSettings = {
				ASSETCATALOG_COMPILER_GLOBAL_ACCENT_COLOR_NAME = AccentColor;
				ASSETCATALOG_COMPILER_WIDGET_BACKGROUND_COLOR_NAME = WidgetBackground;
				CODE_SIGN_ENTITLEMENTS = MacWidget/MacWidget.entitlements;
				CODE_SIGN_STYLE = Automatic;
				CURRENT_PROJECT_VERSION = 1;
				DEVELOPMENT_TEAM = TT4P7FU29T;
				ENABLE_HARDENED_RUNTIME = YES;
				GENERATE_INFOPLIST_FILE = YES;
				INFOPLIST_FILE = MacWidget/Info.plist;
				INFOPLIST_KEY_CFBundleDisplayName = MacWidget;
				INFOPLIST_KEY_NSHumanReadableCopyright = "";
				LD_RUNPATH_SEARCH_PATHS = (
					"$(inherited)",
					"@executable_path/../Frameworks",
					"@executable_path/../../../../Frameworks",
				);
				MACOSX_DEPLOYMENT_TARGET = 14.5;
				MARKETING_VERSION = 1.0;
				PRODUCT_BUNDLE_IDENTIFIER = com.candicehclu.ElephantMacApp.MacWidget;
				PRODUCT_NAME = "$(TARGET_NAME)";
				SDKROOT = macosx;
				SKIP_INSTALL = YES;
				SWIFT_EMIT_LOC_STRINGS = YES;
				SWIFT_VERSION = 5.0;
			};
			name = Debug;
		};
		99C305762DB1BF28008FBA75 /* Release */ = {
			isa = XCBuildConfiguration;
			buildSettings = {
				ASSETCATALOG_COMPILER_GLOBAL_ACCENT_COLOR_NAME = AccentColor;
				ASSETCATALOG_COMPILER_WIDGET_BACKGROUND_COLOR_NAME = WidgetBackground;
				CODE_SIGN_ENTITLEMENTS = MacWidget/MacWidget.entitlements;
				CODE_SIGN_STYLE = Automatic;
				CURRENT_PROJECT_VERSION = 1;
				DEVELOPMENT_TEAM = TT4P7FU29T;
				ENABLE_HARDENED_RUNTIME = YES;
				GENERATE_INFOPLIST_FILE = YES;
				INFOPLIST_FILE = MacWidget/Info.plist;
				INFOPLIST_KEY_CFBundleDisplayName = MacWidget;
				INFOPLIST_KEY_NSHumanReadableCopyright = "";
				LD_RUNPATH_SEARCH_PATHS = (
					"$(inherited)",
					"@executable_path/../Frameworks",
					"@executable_path/../../../../Frameworks",
				);
				MACOSX_DEPLOYMENT_TARGET = 14.5;
				MARKETING_VERSION = 1.0;
				PRODUCT_BUNDLE_IDENTIFIER = com.candicehclu.ElephantMacApp.MacWidget;
				PRODUCT_NAME = "$(TARGET_NAME)";
				SDKROOT = macosx;
				SKIP_INSTALL = YES;
				SWIFT_EMIT_LOC_STRINGS = YES;
				SWIFT_VERSION = 5.0;
			};
			name = Release;
		};
/* End XCBuildConfiguration section */

/* Begin XCConfigurationList section */
		398DCF3E2DAC7AC0003363BD /* Build configuration list for PBXNativeTarget "ElephantMacApp" */ = {
			isa = XCConfigurationList;
			buildConfigurations = (
				398DCF3F2DAC7AC0003363BD /* Debug */,
				398DCF402DAC7AC0003363BD /* Release */,
			);
			defaultConfigurationIsVisible = 0;
			defaultConfigurationName = Release;
		};
		398DCF412DAC7AC0003363BD /* Build configuration list for PBXNativeTarget "ElephantMacAppTests" */ = {
			isa = XCConfigurationList;
			buildConfigurations = (
				398DCF422DAC7AC0003363BD /* Debug */,
				398DCF432DAC7AC0003363BD /* Release */,
			);
			defaultConfigurationIsVisible = 0;
			defaultConfigurationName = Release;
		};
		398DCF442DAC7AC0003363BD /* Build configuration list for PBXNativeTarget "ElephantMacAppUITests" */ = {
			isa = XCConfigurationList;
			buildConfigurations = (
				398DCF452DAC7AC0003363BD /* Debug */,
				398DCF462DAC7AC0003363BD /* Release */,
			);
			defaultConfigurationIsVisible = 0;
			defaultConfigurationName = Release;
		};
		39957E072D62A32D00A2D89D /* Build configuration list for PBXProject "Elephant" */ = {
			isa = XCConfigurationList;
			buildConfigurations = (
				39957E2F2D62A32E00A2D89D /* Debug */,
				39957E302D62A32E00A2D89D /* Release */,
			);
			defaultConfigurationIsVisible = 0;
			defaultConfigurationName = Release;
		};
		99C305742DB1BF28008FBA75 /* Build configuration list for PBXNativeTarget "MacWidgetExtension" */ = {
			isa = XCConfigurationList;
			buildConfigurations = (
				99C305752DB1BF28008FBA75 /* Debug */,
				99C305762DB1BF28008FBA75 /* Release */,
			);
			defaultConfigurationIsVisible = 0;
			defaultConfigurationName = Release;
		};
/* End XCConfigurationList section */
	};
	rootObject = 39957E042D62A32D00A2D89D /* Project object */;
}
