// !$*UTF8*$!
{
	archiveVersion = 1;
	classes = {
	};
	objectVersion = 77;
	objects = {

/* Begin PBXBuildFile section */
		39957E712D62A78100A2D89D /* WidgetKit.framework in Frameworks */ = {isa = PBXBuildFile; fileRef = 39957E702D62A78100A2D89D /* WidgetKit.framework */; };
		39957E732D62A78100A2D89D /* SwiftUI.framework in Frameworks */ = {isa = PBXBuildFile; fileRef = 39957E722D62A78100A2D89D /* SwiftUI.framework */; };
		39957E812D62A78300A2D89D /* ElephantWidgetExtension.appex in Embed Foundation Extensions */ = {isa = PBXBuildFile; fileRef = 39957E6E2D62A78100A2D89D /* ElephantWidgetExtension.appex */; settings = {ATTRIBUTES = (RemoveHeadersOnCopy, ); }; };
/* End PBXBuildFile section */

/* Begin PBXContainerItemProxy section */
		39957E1E2D62A32E00A2D89D /* PBXContainerItemProxy */ = {
			isa = PBXContainerItemProxy;
			containerPortal = 39957E042D62A32D00A2D89D /* Project object */;
			proxyType = 1;
			remoteGlobalIDString = 39957E0B2D62A32D00A2D89D;
			remoteInfo = Elephant;
		};
		39957E282D62A32E00A2D89D /* PBXContainerItemProxy */ = {
			isa = PBXContainerItemProxy;
			containerPortal = 39957E042D62A32D00A2D89D /* Project object */;
			proxyType = 1;
			remoteGlobalIDString = 39957E0B2D62A32D00A2D89D;
			remoteInfo = Elephant;
		};
		39957E7F2D62A78300A2D89D /* PBXContainerItemProxy */ = {
			isa = PBXContainerItemProxy;
			containerPortal = 39957E042D62A32D00A2D89D /* Project object */;
			proxyType = 1;
			remoteGlobalIDString = 39957E6D2D62A78100A2D89D;
			remoteInfo = ElephantWidgetExtension;
		};
/* End PBXContainerItemProxy section */

/* Begin PBXCopyFilesBuildPhase section */
		39957E822D62A78300A2D89D /* Embed Foundation Extensions */ = {
			isa = PBXCopyFilesBuildPhase;
			buildActionMask = 2147483647;
			dstPath = "";
			dstSubfolderSpec = 13;
			files = (
				39957E812D62A78300A2D89D /* ElephantWidgetExtension.appex in Embed Foundation Extensions */,
			);
			name = "Embed Foundation Extensions";
			runOnlyForDeploymentPostprocessing = 0;
		};
/* End PBXCopyFilesBuildPhase section */

/* Begin PBXFileReference section */
		39957E0C2D62A32D00A2D89D /* Elephant.app */ = {isa = PBXFileReference; explicitFileType = wrapper.application; includeInIndex = 0; path = Elephant.app; sourceTree = BUILT_PRODUCTS_DIR; };
		39957E1D2D62A32E00A2D89D /* ElephantTests.xctest */ = {isa = PBXFileReference; explicitFileType = wrapper.cfbundle; includeInIndex = 0; path = ElephantTests.xctest; sourceTree = BUILT_PRODUCTS_DIR; };
		39957E272D62A32E00A2D89D /* ElephantUITests.xctest */ = {isa = PBXFileReference; explicitFileType = wrapper.cfbundle; includeInIndex = 0; path = ElephantUITests.xctest; sourceTree = BUILT_PRODUCTS_DIR; };
		39957E6E2D62A78100A2D89D /* ElephantWidgetExtension.appex */ = {isa = PBXFileReference; explicitFileType = "wrapper.app-extension"; includeInIndex = 0; path = ElephantWidgetExtension.appex; sourceTree = BUILT_PRODUCTS_DIR; };
		39957E702D62A78100A2D89D /* WidgetKit.framework */ = {isa = PBXFileReference; lastKnownFileType = wrapper.framework; name = WidgetKit.framework; path = /System/Library/Frameworks/WidgetKit.framework; sourceTree = "<absolute>"; };
		39957E722D62A78100A2D89D /* SwiftUI.framework */ = {isa = PBXFileReference; lastKnownFileType = wrapper.framework; name = SwiftUI.framework; path = /System/Library/Frameworks/SwiftUI.framework; sourceTree = "<absolute>"; };
		6C776BCF2DA59F9C00D3DCEB /* Elephant.xctestplan */ = {isa = PBXFileReference; lastKnownFileType = text; path = Elephant.xctestplan; sourceTree = "<group>"; };
		6C776BD02DA5A2DB00D3DCEB /* ElephantUITests.xctestplan */ = {isa = PBXFileReference; lastKnownFileType = text; path = ElephantUITests.xctestplan; sourceTree = "<group>"; };
/* End PBXFileReference section */

/* Begin PBXFileSystemSynchronizedBuildFileExceptionSet section */
		39957E852D62A78300A2D89D /* Exceptions for "ElephantWidget" folder in "ElephantWidgetExtension" target */ = {
			isa = PBXFileSystemSynchronizedBuildFileExceptionSet;
			membershipExceptions = (
				Info.plist,
			);
			target = 39957E6D2D62A78100A2D89D /* ElephantWidgetExtension */;
		};
/* End PBXFileSystemSynchronizedBuildFileExceptionSet section */

/* Begin PBXFileSystemSynchronizedRootGroup section */
		39957E0E2D62A32D00A2D89D /* Elephant */ = {
			isa = PBXFileSystemSynchronizedRootGroup;
			path = Elephant;
			sourceTree = "<group>";
		};
		39957E202D62A32E00A2D89D /* ElephantTests */ = {
			isa = PBXFileSystemSynchronizedRootGroup;
			path = ElephantTests;
			sourceTree = "<group>";
		};
		39957E2A2D62A32E00A2D89D /* ElephantUITests */ = {
			isa = PBXFileSystemSynchronizedRootGroup;
			path = ElephantUITests;
			sourceTree = "<group>";
		};
		39957E742D62A78100A2D89D /* ElephantWidget */ = {
			isa = PBXFileSystemSynchronizedRootGroup;
			exceptions = (
				39957E852D62A78300A2D89D /* Exceptions for "ElephantWidget" folder in "ElephantWidgetExtension" target */,
			);
			path = ElephantWidget;
			sourceTree = "<group>";
		};
/* End PBXFileSystemSynchronizedRootGroup section */

/* Begin PBXFrameworksBuildPhase section */
		39957E092D62A32D00A2D89D /* Frameworks */ = {
			isa = PBXFrameworksBuildPhase;
			buildActionMask = 2147483647;
			files = (
			);
			runOnlyForDeploymentPostprocessing = 0;
		};
		39957E1A2D62A32E00A2D89D /* Frameworks */ = {
			isa = PBXFrameworksBuildPhase;
			buildActionMask = 2147483647;
			files = (
			);
			runOnlyForDeploymentPostprocessing = 0;
		};
		39957E242D62A32E00A2D89D /* Frameworks */ = {
			isa = PBXFrameworksBuildPhase;
			buildActionMask = 2147483647;
			files = (
			);
			runOnlyForDeploymentPostprocessing = 0;
		};
		39957E6B2D62A78100A2D89D /* Frameworks */ = {
			isa = PBXFrameworksBuildPhase;
			buildActionMask = 2147483647;
			files = (
				39957E732D62A78100A2D89D /* SwiftUI.framework in Frameworks */,
				39957E712D62A78100A2D89D /* WidgetKit.framework in Frameworks */,
			);
			runOnlyForDeploymentPostprocessing = 0;
		};
/* End PBXFrameworksBuildPhase section */

/* Begin PBXGroup section */
		39957E032D62A32D00A2D89D = {
			isa = PBXGroup;
			children = (
				6C776BD02DA5A2DB00D3DCEB /* ElephantUITests.xctestplan */,
				6C776BCF2DA59F9C00D3DCEB /* Elephant.xctestplan */,
				39957E0E2D62A32D00A2D89D /* Elephant */,
				39957E202D62A32E00A2D89D /* ElephantTests */,
				39957E2A2D62A32E00A2D89D /* ElephantUITests */,
				39957E742D62A78100A2D89D /* ElephantWidget */,
				39957E6F2D62A78100A2D89D /* Frameworks */,
				39957E0D2D62A32D00A2D89D /* Products */,
			);
			sourceTree = "<group>";
		};
		39957E0D2D62A32D00A2D89D /* Products */ = {
			isa = PBXGroup;
			children = (
				39957E0C2D62A32D00A2D89D /* Elephant.app */,
				39957E1D2D62A32E00A2D89D /* ElephantTests.xctest */,
				39957E272D62A32E00A2D89D /* ElephantUITests.xctest */,
				39957E6E2D62A78100A2D89D /* ElephantWidgetExtension.appex */,
			);
			name = Products;
			sourceTree = "<group>";
		};
		39957E6F2D62A78100A2D89D /* Frameworks */ = {
			isa = PBXGroup;
			children = (
				39957E702D62A78100A2D89D /* WidgetKit.framework */,
				39957E722D62A78100A2D89D /* SwiftUI.framework */,
			);
			name = Frameworks;
			sourceTree = "<group>";
		};
/* End PBXGroup section */

/* Begin PBXNativeTarget section */
		39957E0B2D62A32D00A2D89D /* Elephant */ = {
			isa = PBXNativeTarget;
			buildConfigurationList = 39957E312D62A32E00A2D89D /* Build configuration list for PBXNativeTarget "Elephant" */;
			buildPhases = (
				39957E082D62A32D00A2D89D /* Sources */,
				39957E092D62A32D00A2D89D /* Frameworks */,
				39957E0A2D62A32D00A2D89D /* Resources */,
				39957E822D62A78300A2D89D /* Embed Foundation Extensions */,
			);
			buildRules = (
			);
			dependencies = (
				39957E802D62A78300A2D89D /* PBXTargetDependency */,
			);
			fileSystemSynchronizedGroups = (
				39957E0E2D62A32D00A2D89D /* Elephant */,
			);
			name = Elephant;
			packageProductDependencies = (
			);
			productName = Elephant;
			productReference = 39957E0C2D62A32D00A2D89D /* Elephant.app */;
			productType = "com.apple.product-type.application";
		};
		39957E1C2D62A32E00A2D89D /* ElephantTests */ = {
			isa = PBXNativeTarget;
			buildConfigurationList = 39957E342D62A32E00A2D89D /* Build configuration list for PBXNativeTarget "ElephantTests" */;
			buildPhases = (
				39957E192D62A32E00A2D89D /* Sources */,
				39957E1A2D62A32E00A2D89D /* Frameworks */,
				39957E1B2D62A32E00A2D89D /* Resources */,
			);
			buildRules = (
			);
			dependencies = (
				39957E1F2D62A32E00A2D89D /* PBXTargetDependency */,
			);
			fileSystemSynchronizedGroups = (
				39957E202D62A32E00A2D89D /* ElephantTests */,
			);
			name = ElephantTests;
			packageProductDependencies = (
			);
			productName = ElephantTests;
			productReference = 39957E1D2D62A32E00A2D89D /* ElephantTests.xctest */;
			productType = "com.apple.product-type.bundle.unit-test";
		};
		39957E262D62A32E00A2D89D /* ElephantUITests */ = {
			isa = PBXNativeTarget;
			buildConfigurationList = 39957E372D62A32E00A2D89D /* Build configuration list for PBXNativeTarget "ElephantUITests" */;
			buildPhases = (
				39957E232D62A32E00A2D89D /* Sources */,
				39957E242D62A32E00A2D89D /* Frameworks */,
				39957E252D62A32E00A2D89D /* Resources */,
			);
			buildRules = (
			);
			dependencies = (
				39957E292D62A32E00A2D89D /* PBXTargetDependency */,
			);
			fileSystemSynchronizedGroups = (
				39957E2A2D62A32E00A2D89D /* ElephantUITests */,
			);
			name = ElephantUITests;
			packageProductDependencies = (
			);
			productName = ElephantUITests;
			productReference = 39957E272D62A32E00A2D89D /* ElephantUITests.xctest */;
			productType = "com.apple.product-type.bundle.ui-testing";
		};
		39957E6D2D62A78100A2D89D /* ElephantWidgetExtension */ = {
			isa = PBXNativeTarget;
			buildConfigurationList = 39957E862D62A78300A2D89D /* Build configuration list for PBXNativeTarget "ElephantWidgetExtension" */;
			buildPhases = (
				39957E6A2D62A78100A2D89D /* Sources */,
				39957E6B2D62A78100A2D89D /* Frameworks */,
				39957E6C2D62A78100A2D89D /* Resources */,
			);
			buildRules = (
			);
			dependencies = (
			);
			fileSystemSynchronizedGroups = (
				39957E742D62A78100A2D89D /* ElephantWidget */,
			);
			name = ElephantWidgetExtension;
			packageProductDependencies = (
			);
			productName = ElephantWidgetExtension;
			productReference = 39957E6E2D62A78100A2D89D /* ElephantWidgetExtension.appex */;
			productType = "com.apple.product-type.app-extension";
		};
/* End PBXNativeTarget section */

/* Begin PBXProject section */
		39957E042D62A32D00A2D89D /* Project object */ = {
			isa = PBXProject;
			attributes = {
				BuildIndependentTargetsInParallel = 1;
				LastSwiftUpdateCheck = 1620;
				LastUpgradeCheck = 1620;
				TargetAttributes = {
					39957E0B2D62A32D00A2D89D = {
						CreatedOnToolsVersion = 16.2;
					};
					39957E1C2D62A32E00A2D89D = {
						CreatedOnToolsVersion = 16.2;
						TestTargetID = 39957E0B2D62A32D00A2D89D;
					};
					39957E262D62A32E00A2D89D = {
						CreatedOnToolsVersion = 16.2;
						TestTargetID = 39957E0B2D62A32D00A2D89D;
					};
					39957E6D2D62A78100A2D89D = {
						CreatedOnToolsVersion = 16.2;
					};
				};
			};
			buildConfigurationList = 39957E072D62A32D00A2D89D /* Build configuration list for PBXProject "Elephant" */;
			developmentRegion = en;
			hasScannedForEncodings = 0;
			knownRegions = (
				en,
				Base,
			);
			mainGroup = 39957E032D62A32D00A2D89D;
			minimizedProjectReferenceProxies = 1;
			preferredProjectObjectVersion = 77;
			productRefGroup = 39957E0D2D62A32D00A2D89D /* Products */;
			projectDirPath = "";
			projectRoot = "";
			targets = (
				39957E0B2D62A32D00A2D89D /* Elephant */,
				39957E1C2D62A32E00A2D89D /* ElephantTests */,
				39957E262D62A32E00A2D89D /* ElephantUITests */,
				39957E6D2D62A78100A2D89D /* ElephantWidgetExtension */,
			);
		};
/* End PBXProject section */

/* Begin PBXResourcesBuildPhase section */
		39957E0A2D62A32D00A2D89D /* Resources */ = {
			isa = PBXResourcesBuildPhase;
			buildActionMask = 2147483647;
			files = (
			);
			runOnlyForDeploymentPostprocessing = 0;
		};
		39957E1B2D62A32E00A2D89D /* Resources */ = {
			isa = PBXResourcesBuildPhase;
			buildActionMask = 2147483647;
			files = (
			);
			runOnlyForDeploymentPostprocessing = 0;
		};
		39957E252D62A32E00A2D89D /* Resources */ = {
			isa = PBXResourcesBuildPhase;
			buildActionMask = 2147483647;
			files = (
			);
			runOnlyForDeploymentPostprocessing = 0;
		};
		39957E6C2D62A78100A2D89D /* Resources */ = {
			isa = PBXResourcesBuildPhase;
			buildActionMask = 2147483647;
			files = (
			);
			runOnlyForDeploymentPostprocessing = 0;
		};
/* End PBXResourcesBuildPhase section */

/* Begin PBXSourcesBuildPhase section */
		39957E082D62A32D00A2D89D /* Sources */ = {
			isa = PBXSourcesBuildPhase;
			buildActionMask = 2147483647;
			files = (
			);
			runOnlyForDeploymentPostprocessing = 0;
		};
		39957E192D62A32E00A2D89D /* Sources */ = {
			isa = PBXSourcesBuildPhase;
			buildActionMask = 2147483647;
			files = (
			);
			runOnlyForDeploymentPostprocessing = 0;
		};
		39957E232D62A32E00A2D89D /* Sources */ = {
			isa = PBXSourcesBuildPhase;
			buildActionMask = 2147483647;
			files = (
			);
			runOnlyForDeploymentPostprocessing = 0;
		};
		39957E6A2D62A78100A2D89D /* Sources */ = {
			isa = PBXSourcesBuildPhase;
			buildActionMask = 2147483647;
			files = (
			);
			runOnlyForDeploymentPostprocessing = 0;
		};
/* End PBXSourcesBuildPhase section */

/* Begin PBXTargetDependency section */
		39957E1F2D62A32E00A2D89D /* PBXTargetDependency */ = {
			isa = PBXTargetDependency;
			target = 39957E0B2D62A32D00A2D89D /* Elephant */;
			targetProxy = 39957E1E2D62A32E00A2D89D /* PBXContainerItemProxy */;
		};
		39957E292D62A32E00A2D89D /* PBXTargetDependency */ = {
			isa = PBXTargetDependency;
			target = 39957E0B2D62A32D00A2D89D /* Elephant */;
			targetProxy = 39957E282D62A32E00A2D89D /* PBXContainerItemProxy */;
		};
		39957E802D62A78300A2D89D /* PBXTargetDependency */ = {
			isa = PBXTargetDependency;
			target = 39957E6D2D62A78100A2D89D /* ElephantWidgetExtension */;
			targetProxy = 39957E7F2D62A78300A2D89D /* PBXContainerItemProxy */;
		};
/* End PBXTargetDependency section */

/* Begin XCBuildConfiguration section */
		39957E2F2D62A32E00A2D89D /* Debug */ = {
			isa = XCBuildConfiguration;
			buildSettings = {
				ALWAYS_SEARCH_USER_PATHS = NO;
				ASSETCATALOG_COMPILER_GENERATE_SWIFT_ASSET_SYMBOL_EXTENSIONS = YES;
				CLANG_ANALYZER_NONNULL = YES;
				CLANG_ANALYZER_NUMBER_OBJECT_CONVERSION = YES_AGGRESSIVE;
				CLANG_CXX_LANGUAGE_STANDARD = "gnu++20";
				CLANG_ENABLE_MODULES = YES;
				CLANG_ENABLE_OBJC_ARC = YES;
				CLANG_ENABLE_OBJC_WEAK = YES;
				CLANG_WARN_BLOCK_CAPTURE_AUTORELEASING = YES;
				CLANG_WARN_BOOL_CONVERSION = YES;
				CLANG_WARN_COMMA = YES;
				CLANG_WARN_CONSTANT_CONVERSION = YES;
				CLANG_WARN_DEPRECATED_OBJC_IMPLEMENTATIONS = YES;
				CLANG_WARN_DIRECT_OBJC_ISA_USAGE = YES_ERROR;
				CLANG_WARN_DOCUMENTATION_COMMENTS = YES;
				CLANG_WARN_EMPTY_BODY = YES;
				CLANG_WARN_ENUM_CONVERSION = YES;
				CLANG_WARN_INFINITE_RECURSION = YES;
				CLANG_WARN_INT_CONVERSION = YES;
				CLANG_WARN_NON_LITERAL_NULL_CONVERSION = YES;
				CLANG_WARN_OBJC_IMPLICIT_RETAIN_SELF = YES;
				CLANG_WARN_OBJC_LITERAL_CONVERSION = YES;
				CLANG_WARN_OBJC_ROOT_CLASS = YES_ERROR;
				CLANG_WARN_QUOTED_INCLUDE_IN_FRAMEWORK_HEADER = YES;
				CLANG_WARN_RANGE_LOOP_ANALYSIS = YES;
				CLANG_WARN_STRICT_PROTOTYPES = YES;
				CLANG_WARN_SUSPICIOUS_MOVE = YES;
				CLANG_WARN_UNGUARDED_AVAILABILITY = YES_AGGRESSIVE;
				CLANG_WARN_UNREACHABLE_CODE = YES;
				CLANG_WARN__DUPLICATE_METHOD_MATCH = YES;
				COPY_PHASE_STRIP = NO;
				DEBUG_INFORMATION_FORMAT = dwarf;
				ENABLE_STRICT_OBJC_MSGSEND = YES;
				ENABLE_TESTABILITY = YES;
				ENABLE_USER_SCRIPT_SANDBOXING = YES;
				GCC_C_LANGUAGE_STANDARD = gnu17;
				GCC_DYNAMIC_NO_PIC = NO;
				GCC_NO_COMMON_BLOCKS = YES;
				GCC_OPTIMIZATION_LEVEL = 0;
				GCC_PREPROCESSOR_DEFINITIONS = (
					"DEBUG=1",
					"$(inherited)",
				);
				GCC_WARN_64_TO_32_BIT_CONVERSION = YES;
				GCC_WARN_ABOUT_RETURN_TYPE = YES_ERROR;
				GCC_WARN_UNDECLARED_SELECTOR = YES;
				GCC_WARN_UNINITIALIZED_AUTOS = YES_AGGRESSIVE;
				GCC_WARN_UNUSED_FUNCTION = YES;
				GCC_WARN_UNUSED_VARIABLE = YES;
				LOCALIZATION_PREFERS_STRING_CATALOGS = YES;
				MTL_ENABLE_DEBUG_INFO = INCLUDE_SOURCE;
				MTL_FAST_MATH = YES;
				ONLY_ACTIVE_ARCH = YES;
				SWIFT_ACTIVE_COMPILATION_CONDITIONS = "DEBUG $(inherited)";
				SWIFT_OPTIMIZATION_LEVEL = "-Onone";
			};
			name = Debug;
		};
		39957E302D62A32E00A2D89D /* Release */ = {
			isa = XCBuildConfiguration;
			buildSettings = {
				ALWAYS_SEARCH_USER_PATHS = NO;
				ASSETCATALOG_COMPILER_GENERATE_SWIFT_ASSET_SYMBOL_EXTENSIONS = YES;
				CLANG_ANALYZER_NONNULL = YES;
				CLANG_ANALYZER_NUMBER_OBJECT_CONVERSION = YES_AGGRESSIVE;
				CLANG_CXX_LANGUAGE_STANDARD = "gnu++20";
				CLANG_ENABLE_MODULES = YES;
				CLANG_ENABLE_OBJC_ARC = YES;
				CLANG_ENABLE_OBJC_WEAK = YES;
				CLANG_WARN_BLOCK_CAPTURE_AUTORELEASING = YES;
				CLANG_WARN_BOOL_CONVERSION = YES;
				CLANG_WARN_COMMA = YES;
				CLANG_WARN_CONSTANT_CONVERSION = YES;
				CLANG_WARN_DEPRECATED_OBJC_IMPLEMENTATIONS = YES;
				CLANG_WARN_DIRECT_OBJC_ISA_USAGE = YES_ERROR;
				CLANG_WARN_DOCUMENTATION_COMMENTS = YES;
				CLANG_WARN_EMPTY_BODY = YES;
				CLANG_WARN_ENUM_CONVERSION = YES;
				CLANG_WARN_INFINITE_RECURSION = YES;
				CLANG_WARN_INT_CONVERSION = YES;
				CLANG_WARN_NON_LITERAL_NULL_CONVERSION = YES;
				CLANG_WARN_OBJC_IMPLICIT_RETAIN_SELF = YES;
				CLANG_WARN_OBJC_LITERAL_CONVERSION = YES;
				CLANG_WARN_OBJC_ROOT_CLASS = YES_ERROR;
				CLANG_WARN_QUOTED_INCLUDE_IN_FRAMEWORK_HEADER = YES;
				CLANG_WARN_RANGE_LOOP_ANALYSIS = YES;
				CLANG_WARN_STRICT_PROTOTYPES = YES;
				CLANG_WARN_SUSPICIOUS_MOVE = YES;
				CLANG_WARN_UNGUARDED_AVAILABILITY = YES_AGGRESSIVE;
				CLANG_WARN_UNREACHABLE_CODE = YES;
				CLANG_WARN__DUPLICATE_METHOD_MATCH = YES;
				COPY_PHASE_STRIP = NO;
				DEBUG_INFORMATION_FORMAT = "dwarf-with-dsym";
				ENABLE_NS_ASSERTIONS = NO;
				ENABLE_STRICT_OBJC_MSGSEND = YES;
				ENABLE_USER_SCRIPT_SANDBOXING = YES;
				GCC_C_LANGUAGE_STANDARD = gnu17;
				GCC_NO_COMMON_BLOCKS = YES;
				GCC_WARN_64_TO_32_BIT_CONVERSION = YES;
				GCC_WARN_ABOUT_RETURN_TYPE = YES_ERROR;
				GCC_WARN_UNDECLARED_SELECTOR = YES;
				GCC_WARN_UNINITIALIZED_AUTOS = YES_AGGRESSIVE;
				GCC_WARN_UNUSED_FUNCTION = YES;
				GCC_WARN_UNUSED_VARIABLE = YES;
				LOCALIZATION_PREFERS_STRING_CATALOGS = YES;
				MTL_ENABLE_DEBUG_INFO = NO;
				MTL_FAST_MATH = YES;
				SWIFT_COMPILATION_MODE = wholemodule;
			};
			name = Release;
		};
		39957E322D62A32E00A2D89D /* Debug */ = {
			isa = XCBuildConfiguration;
			buildSettings = {
				ASSETCATALOG_COMPILER_APPICON_NAME = AppIcon;
				ASSETCATALOG_COMPILER_GLOBAL_ACCENT_COLOR_NAME = AccentColor;
				CODE_SIGN_ENTITLEMENTS = Elephant/Elephant.entitlements;
				CODE_SIGN_STYLE = Automatic;
				CURRENT_PROJECT_VERSION = 1;
				DEVELOPMENT_ASSET_PATHS = "\"Elephant/Preview Content\"";
				ENABLE_PREVIEWS = YES;
				GENERATE_INFOPLIST_FILE = YES;
				"INFOPLIST_KEY_UIApplicationSceneManifest_Generation[sdk=iphoneos*]" = YES;
				"INFOPLIST_KEY_UIApplicationSceneManifest_Generation[sdk=iphonesimulator*]" = YES;
				"INFOPLIST_KEY_UIApplicationSupportsIndirectInputEvents[sdk=iphoneos*]" = YES;
				"INFOPLIST_KEY_UIApplicationSupportsIndirectInputEvents[sdk=iphonesimulator*]" = YES;
				"INFOPLIST_KEY_UILaunchScreen_Generation[sdk=iphoneos*]" = YES;
				"INFOPLIST_KEY_UILaunchScreen_Generation[sdk=iphonesimulator*]" = YES;
				"INFOPLIST_KEY_UIStatusBarStyle[sdk=iphoneos*]" = UIStatusBarStyleDefault;
				"INFOPLIST_KEY_UIStatusBarStyle[sdk=iphonesimulator*]" = UIStatusBarStyleDefault;
				INFOPLIST_KEY_UISupportedInterfaceOrientations_iPad = "UIInterfaceOrientationPortrait UIInterfaceOrientationPortraitUpsideDown UIInterfaceOrientationLandscapeLeft UIInterfaceOrientationLandscapeRight";
				INFOPLIST_KEY_UISupportedInterfaceOrientations_iPhone = "UIInterfaceOrientationPortrait UIInterfaceOrientationLandscapeLeft UIInterfaceOrientationLandscapeRight";
				IPHONEOS_DEPLOYMENT_TARGET = 18.2;
				LD_RUNPATH_SEARCH_PATHS = "@executable_path/Frameworks";
				"LD_RUNPATH_SEARCH_PATHS[sdk=macosx*]" = "@executable_path/../Frameworks";
				MACOSX_DEPLOYMENT_TARGET = 14.5;
				MARKETING_VERSION = 1.0;
				PRODUCT_BUNDLE_IDENTIFIER = Grinnell.Elephant;
				PRODUCT_NAME = "$(TARGET_NAME)";
				SDKROOT = auto;
				SUPPORTED_PLATFORMS = "iphoneos iphonesimulator macosx xros xrsimulator";
				SWIFT_EMIT_LOC_STRINGS = YES;
				SWIFT_VERSION = 5.0;
				TARGETED_DEVICE_FAMILY = "1,2,7";
				XROS_DEPLOYMENT_TARGET = 2.2;
			};
			name = Debug;
		};
		39957E332D62A32E00A2D89D /* Release */ = {
			isa = XCBuildConfiguration;
			buildSettings = {
				ASSETCATALOG_COMPILER_APPICON_NAME = AppIcon;
				ASSETCATALOG_COMPILER_GLOBAL_ACCENT_COLOR_NAME = AccentColor;
				CODE_SIGN_ENTITLEMENTS = Elephant/Elephant.entitlements;
				CODE_SIGN_STYLE = Automatic;
				CURRENT_PROJECT_VERSION = 1;
				DEVELOPMENT_ASSET_PATHS = "\"Elephant/Preview Content\"";
				ENABLE_PREVIEWS = YES;
				GENERATE_INFOPLIST_FILE = YES;
				"INFOPLIST_KEY_UIApplicationSceneManifest_Generation[sdk=iphoneos*]" = YES;
				"INFOPLIST_KEY_UIApplicationSceneManifest_Generation[sdk=iphonesimulator*]" = YES;
				"INFOPLIST_KEY_UIApplicationSupportsIndirectInputEvents[sdk=iphoneos*]" = YES;
				"INFOPLIST_KEY_UIApplicationSupportsIndirectInputEvents[sdk=iphonesimulator*]" = YES;
				"INFOPLIST_KEY_UILaunchScreen_Generation[sdk=iphoneos*]" = YES;
				"INFOPLIST_KEY_UILaunchScreen_Generation[sdk=iphonesimulator*]" = YES;
				"INFOPLIST_KEY_UIStatusBarStyle[sdk=iphoneos*]" = UIStatusBarStyleDefault;
				"INFOPLIST_KEY_UIStatusBarStyle[sdk=iphonesimulator*]" = UIStatusBarStyleDefault;
				INFOPLIST_KEY_UISupportedInterfaceOrientations_iPad = "UIInterfaceOrientationPortrait UIInterfaceOrientationPortraitUpsideDown UIInterfaceOrientationLandscapeLeft UIInterfaceOrientationLandscapeRight";
				INFOPLIST_KEY_UISupportedInterfaceOrientations_iPhone = "UIInterfaceOrientationPortrait UIInterfaceOrientationLandscapeLeft UIInterfaceOrientationLandscapeRight";
				IPHONEOS_DEPLOYMENT_TARGET = 18.2;
				LD_RUNPATH_SEARCH_PATHS = "@executable_path/Frameworks";
				"LD_RUNPATH_SEARCH_PATHS[sdk=macosx*]" = "@executable_path/../Frameworks";
				MACOSX_DEPLOYMENT_TARGET = 14.5;
				MARKETING_VERSION = 1.0;
				PRODUCT_BUNDLE_IDENTIFIER = Grinnell.Elephant;
				PRODUCT_NAME = "$(TARGET_NAME)";
				SDKROOT = auto;
				SUPPORTED_PLATFORMS = "iphoneos iphonesimulator macosx xros xrsimulator";
				SWIFT_EMIT_LOC_STRINGS = YES;
				SWIFT_VERSION = 5.0;
				TARGETED_DEVICE_FAMILY = "1,2,7";
				XROS_DEPLOYMENT_TARGET = 2.2;
			};
			name = Release;
		};
		39957E352D62A32E00A2D89D /* Debug */ = {
			isa = XCBuildConfiguration;
			buildSettings = {
				BUNDLE_LOADER = "$(TEST_HOST)";
				CODE_SIGN_STYLE = Automatic;
				CURRENT_PROJECT_VERSION = 1;
				GENERATE_INFOPLIST_FILE = YES;
				IPHONEOS_DEPLOYMENT_TARGET = 18.2;
				MACOSX_DEPLOYMENT_TARGET = 14.5;
				MARKETING_VERSION = 1.0;
				PRODUCT_BUNDLE_IDENTIFIER = Grinnell.ElephantTests;
				PRODUCT_NAME = "$(TARGET_NAME)";
				SDKROOT = auto;
				SUPPORTED_PLATFORMS = "iphoneos iphonesimulator macosx xros xrsimulator";
				SWIFT_EMIT_LOC_STRINGS = NO;
				SWIFT_VERSION = 5.0;
				TARGETED_DEVICE_FAMILY = "1,2,7";
				TEST_HOST = "$(BUILT_PRODUCTS_DIR)/Elephant.app/$(BUNDLE_EXECUTABLE_FOLDER_PATH)/Elephant";
				XROS_DEPLOYMENT_TARGET = 2.2;
			};
			name = Debug;
		};
		39957E362D62A32E00A2D89D /* Release */ = {
			isa = XCBuildConfiguration;
			buildSettings = {
				BUNDLE_LOADER = "$(TEST_HOST)";
				CODE_SIGN_STYLE = Automatic;
				CURRENT_PROJECT_VERSION = 1;
				GENERATE_INFOPLIST_FILE = YES;
				IPHONEOS_DEPLOYMENT_TARGET = 18.2;
				MACOSX_DEPLOYMENT_TARGET = 14.5;
				MARKETING_VERSION = 1.0;
				PRODUCT_BUNDLE_IDENTIFIER = Grinnell.ElephantTests;
				PRODUCT_NAME = "$(TARGET_NAME)";
				SDKROOT = auto;
				SUPPORTED_PLATFORMS = "iphoneos iphonesimulator macosx xros xrsimulator";
				SWIFT_EMIT_LOC_STRINGS = NO;
				SWIFT_VERSION = 5.0;
				TARGETED_DEVICE_FAMILY = "1,2,7";
				TEST_HOST = "$(BUILT_PRODUCTS_DIR)/Elephant.app/$(BUNDLE_EXECUTABLE_FOLDER_PATH)/Elephant";
				XROS_DEPLOYMENT_TARGET = 2.2;
			};
			name = Release;
		};
		39957E382D62A32E00A2D89D /* Debug */ = {
			isa = XCBuildConfiguration;
			buildSettings = {
				CODE_SIGN_STYLE = Automatic;
				CURRENT_PROJECT_VERSION = 1;
				GENERATE_INFOPLIST_FILE = YES;
				IPHONEOS_DEPLOYMENT_TARGET = 18.2;
				MACOSX_DEPLOYMENT_TARGET = 14.5;
				MARKETING_VERSION = 1.0;
				PRODUCT_BUNDLE_IDENTIFIER = Grinnell.ElephantUITests;
				PRODUCT_NAME = "$(TARGET_NAME)";
				SDKROOT = auto;
				SUPPORTED_PLATFORMS = "iphoneos iphonesimulator macosx xros xrsimulator";
				SWIFT_EMIT_LOC_STRINGS = NO;
				SWIFT_VERSION = 5.0;
				TARGETED_DEVICE_FAMILY = "1,2,7";
				TEST_TARGET_NAME = Elephant;
				XROS_DEPLOYMENT_TARGET = 2.2;
			};
			name = Debug;
		};
		39957E392D62A32E00A2D89D /* Release */ = {
			isa = XCBuildConfiguration;
			buildSettings = {
				CODE_SIGN_STYLE = Automatic;
				CURRENT_PROJECT_VERSION = 1;
				GENERATE_INFOPLIST_FILE = YES;
				IPHONEOS_DEPLOYMENT_TARGET = 18.2;
				MACOSX_DEPLOYMENT_TARGET = 14.5;
				MARKETING_VERSION = 1.0;
				PRODUCT_BUNDLE_IDENTIFIER = Grinnell.ElephantUITests;
				PRODUCT_NAME = "$(TARGET_NAME)";
				SDKROOT = auto;
				SUPPORTED_PLATFORMS = "iphoneos iphonesimulator macosx xros xrsimulator";
				SWIFT_EMIT_LOC_STRINGS = NO;
				SWIFT_VERSION = 5.0;
				TARGETED_DEVICE_FAMILY = "1,2,7";
				TEST_TARGET_NAME = Elephant;
				XROS_DEPLOYMENT_TARGET = 2.2;
			};
			name = Release;
		};
		39957E832D62A78300A2D89D /* Debug */ = {
			isa = XCBuildConfiguration;
			buildSettings = {
				ASSETCATALOG_COMPILER_GLOBAL_ACCENT_COLOR_NAME = AccentColor;
				ASSETCATALOG_COMPILER_WIDGET_BACKGROUND_COLOR_NAME = WidgetBackground;
				CODE_SIGN_ENTITLEMENTS = ElephantWidget/ElephantWidget.entitlements;
				CODE_SIGN_STYLE = Automatic;
				CURRENT_PROJECT_VERSION = 1;
				GENERATE_INFOPLIST_FILE = YES;
				INFOPLIST_FILE = ElephantWidget/Info.plist;
				INFOPLIST_KEY_CFBundleDisplayName = ElephantWidget;
				INFOPLIST_KEY_NSHumanReadableCopyright = "";
				IPHONEOS_DEPLOYMENT_TARGET = 18.2;
				LD_RUNPATH_SEARCH_PATHS = (
					"$(inherited)",
					"@executable_path/Frameworks",
					"@executable_path/../../Frameworks",
				);
				"LD_RUNPATH_SEARCH_PATHS[sdk=macosx*]" = (
					"$(inherited)",
					"@executable_path/../Frameworks",
					"@executable_path/../../../../Frameworks",
				);
				MACOSX_DEPLOYMENT_TARGET = 14.0;
				MARKETING_VERSION = 1.0;
				PRODUCT_BUNDLE_IDENTIFIER = Grinnell.Elephant.ElephantWidget;
				PRODUCT_NAME = "$(TARGET_NAME)";
				SDKROOT = auto;
				SKIP_INSTALL = YES;
				SUPPORTED_PLATFORMS = "iphoneos iphonesimulator macosx xros xrsimulator";
				SWIFT_EMIT_LOC_STRINGS = YES;
				SWIFT_VERSION = 5.0;
				TARGETED_DEVICE_FAMILY = "1,2,7";
				XROS_DEPLOYMENT_TARGET = 2.2;
			};
			name = Debug;
		};
		39957E842D62A78300A2D89D /* Release */ = {
			isa = XCBuildConfiguration;
			buildSettings = {
				ASSETCATALOG_COMPILER_GLOBAL_ACCENT_COLOR_NAME = AccentColor;
				ASSETCATALOG_COMPILER_WIDGET_BACKGROUND_COLOR_NAME = WidgetBackground;
				CODE_SIGN_ENTITLEMENTS = ElephantWidget/ElephantWidget.entitlements;
				CODE_SIGN_STYLE = Automatic;
				CURRENT_PROJECT_VERSION = 1;
				GENERATE_INFOPLIST_FILE = YES;
				INFOPLIST_FILE = ElephantWidget/Info.plist;
				INFOPLIST_KEY_CFBundleDisplayName = ElephantWidget;
				INFOPLIST_KEY_NSHumanReadableCopyright = "";
				IPHONEOS_DEPLOYMENT_TARGET = 18.2;
				LD_RUNPATH_SEARCH_PATHS = (
					"$(inherited)",
					"@executable_path/Frameworks",
					"@executable_path/../../Frameworks",
				);
				"LD_RUNPATH_SEARCH_PATHS[sdk=macosx*]" = (
					"$(inherited)",
					"@executable_path/../Frameworks",
					"@executable_path/../../../../Frameworks",
				);
				MACOSX_DEPLOYMENT_TARGET = 14.0;
				MARKETING_VERSION = 1.0;
				PRODUCT_BUNDLE_IDENTIFIER = Grinnell.Elephant.ElephantWidget;
				PRODUCT_NAME = "$(TARGET_NAME)";
				SDKROOT = auto;
				SKIP_INSTALL = YES;
				SUPPORTED_PLATFORMS = "iphoneos iphonesimulator macosx xros xrsimulator";
				SWIFT_EMIT_LOC_STRINGS = YES;
				SWIFT_VERSION = 5.0;
				TARGETED_DEVICE_FAMILY = "1,2,7";
				XROS_DEPLOYMENT_TARGET = 2.2;
			};
			name = Release;
		};
/* End XCBuildConfiguration section */

/* Begin XCConfigurationList section */
		39957E072D62A32D00A2D89D /* Build configuration list for PBXProject "Elephant" */ = {
			isa = XCConfigurationList;
			buildConfigurations = (
				39957E2F2D62A32E00A2D89D /* Debug */,
				39957E302D62A32E00A2D89D /* Release */,
			);
			defaultConfigurationIsVisible = 0;
			defaultConfigurationName = Release;
		};
		39957E312D62A32E00A2D89D /* Build configuration list for PBXNativeTarget "Elephant" */ = {
			isa = XCConfigurationList;
			buildConfigurations = (
				39957E322D62A32E00A2D89D /* Debug */,
				39957E332D62A32E00A2D89D /* Release */,
			);
			defaultConfigurationIsVisible = 0;
			defaultConfigurationName = Release;
		};
		39957E342D62A32E00A2D89D /* Build configuration list for PBXNativeTarget "ElephantTests" */ = {
			isa = XCConfigurationList;
			buildConfigurations = (
				39957E352D62A32E00A2D89D /* Debug */,
				39957E362D62A32E00A2D89D /* Release */,
			);
			defaultConfigurationIsVisible = 0;
			defaultConfigurationName = Release;
		};
		39957E372D62A32E00A2D89D /* Build configuration list for PBXNativeTarget "ElephantUITests" */ = {
			isa = XCConfigurationList;
			buildConfigurations = (
				39957E382D62A32E00A2D89D /* Debug */,
				39957E392D62A32E00A2D89D /* Release */,
			);
			defaultConfigurationIsVisible = 0;
			defaultConfigurationName = Release;
		};
		39957E862D62A78300A2D89D /* Build configuration list for PBXNativeTarget "ElephantWidgetExtension" */ = {
			isa = XCConfigurationList;
			buildConfigurations = (
				39957E832D62A78300A2D89D /* Debug */,
				39957E842D62A78300A2D89D /* Release */,
			);
			defaultConfigurationIsVisible = 0;
			defaultConfigurationName = Release;
		};
/* End XCConfigurationList section */
	};
	rootObject = 39957E042D62A32D00A2D89D /* Project object */;
}
